
Microsoft Visual Studio Solution File, Format Version 12.00
# Visual Studio 15
VisualStudioVersion = 15.0.28307.1259
MinimumVisualStudioVersion = 10.0.40219.1
Project("{FAE04EC0-301F-11D3-BF4B-00C04F79EFBC}") = "TesteEntrevista", "TesteEntrevista\TesteEntrevista.csproj", "{8E7657CC-9A57-415C-B8DC-894432EF477B}"
EndProject
Global
	GlobalSection(SolutionConfigurationPlatforms) = preSolution
		Debug|Any CPU = Debug|Any CPU
		Release|Any CPU = Release|Any CPU
	EndGlobalSection
	GlobalSection(ProjectConfigurationPlatforms) = postSolution
		{8E7657CC-9A57-415C-B8DC-894432EF477B}.Debug|Any CPU.ActiveCfg = Debug|Any CPU
		{8E7657CC-9A57-415C-B8DC-894432EF477B}.Debug|Any CPU.Build.0 = Debug|Any CPU
		{8E7657CC-9A57-415C-B8DC-894432EF477B}.Release|Any CPU.ActiveCfg = Release|Any CPU
		{8E7657CC-9A57-415C-B8DC-894432EF477B}.Release|Any CPU.Build.0 = Release|Any CPU
	EndGlobalSection
	GlobalSection(SolutionProperties) = preSolution
		HideSolutionNode = FALSE
	EndGlobalSection
	GlobalSection(ExtensibilityGlobals) = postSolution
		SolutionGuid = {675350B3-4418-43B2-A562-2E1CB5853723}
	EndGlobalSection
EndGlobal
